
Microsoft Visual Studio Solution File, Format Version 12.00
# Visual Studio Version 17
VisualStudioVersion = 17.10.34916.146
MinimumVisualStudioVersion = 10.0.40219.1
Project("{FAE04EC0-301F-11D3-BF4B-00C04F79EFBC}") = "EjercicioBiblioteca", "EjercicioBiblioteca\EjercicioBiblioteca.csproj", "{FDF145AE-5CA3-42DF-936B-DDC4EA9DA789}"
EndProject
Global
	GlobalSection(SolutionConfigurationPlatforms) = preSolution
		Debug|Any CPU = Debug|Any CPU
		Release|Any CPU = Release|Any CPU
	EndGlobalSection
	GlobalSection(ProjectConfigurationPlatforms) = postSolution
		{FDF145AE-5CA3-42DF-936B-DDC4EA9DA789}.Debug|Any CPU.ActiveCfg = Debug|Any CPU
		{FDF145AE-5CA3-42DF-936B-DDC4EA9DA789}.Debug|Any CPU.Build.0 = Debug|Any CPU
		{FDF145AE-5CA3-42DF-936B-DDC4EA9DA789}.Release|Any CPU.ActiveCfg = Release|Any CPU
		{FDF145AE-5CA3-42DF-936B-DDC4EA9DA789}.Release|Any CPU.Build.0 = Release|Any CPU
	EndGlobalSection
	GlobalSection(SolutionProperties) = preSolution
		HideSolutionNode = FALSE
	EndGlobalSection
	GlobalSection(ExtensibilityGlobals) = postSolution
		SolutionGuid = {526B61A3-C925-4804-9AF4-303FFA3D1AFA}
	EndGlobalSection
EndGlobal
